{
  "name": "dreck-type-script-plugin",
  "version": "0.0.0",
  "lockfileVersion": 1,
  "requires": true,
  "dependencies": {
    "@types/jasmine": {
      "version": "4.0.3",
      "resolved": "https://registry.npmjs.org/@types/jasmine/-/jasmine-4.0.3.tgz",
      "integrity": "sha512-Opp1LvvEuZdk8fSSvchK2mZwhVrsNT0JgJE9Di6MjnaIpmEXM8TLCPPrVtNTYh8+5MPdY8j9bAHMu2SSfwpZJg==",
      "dev": true
    },
    "@types/node": {
      "version": "17.0.42",
      "resolved": "https://registry.npmjs.org/@types/node/-/node-17.0.42.tgz",
      "integrity": "sha512-Q5BPGyGKcvQgAMbsr7qEGN/kIPN6zZecYYABeTDBizOsau+2NMdSVTar9UQw21A2+JyA2KRNDYaYrPB0Rpk2oQ==",
      "dev": true
    },
    "typescript": {
      "version": "5.6.3",
      "resolved": "https://registry.npmjs.org/typescript/-/typescript-5.6.3.tgz",
      "integrity": "sha512-hjcS1mhfuyi4WW8IWtjP7brDrG2cuDZukyrYrSauoXGNgx0S7zceP07adYkJycEr56BOUTNPzbInooiN3fn1qw=="
    }
  }
}
